Microsoft Visual Studio Solution File, Format Version 12.00
# Visual Studio Version 17
VisualStudioVersion = 17.14.37516.0
MinimumVisualStudioVersion = 10.0.40219.1
Project("{FAE04EC0-301F-11D3-BF4B-00C04F79EFBC}") = "db", "db.csproj", "{A145D29A-AB5E-4B0E-8062-11DBAA8E8269}"
EndProject
Project("{2150E333-8FDC-42A3-9474-1A3956D46DE8}") = "tests", "tests", "{DA612A93-F1E8-4937-9E0E-0B6A71434E36}"
EndProject
Project("{FAE04EC0-301F-11D3-BF4B-00C04F79EFBC}") = "db.Tests", "tests\db.Tests\db.Tests.csproj", "{77FF1A4C-8C6C-4816-8892-68B56598E23A}"
EndProject
Global
	GlobalSection(SolutionConfigurationPlatforms) = preSolution
		Debug|Any CPU = Debug|Any CPU
		Release|Any CPU = Release|Any CPU
	EndGlobalSection
	GlobalSection(SolutionProperties) = preSolution
		HideSolutionNode = FALSE
	EndGlobalSection
	GlobalSection(ProjectConfigurationPlatforms) = postSolution
		{A145D29A-AB5E-4B0E-8062-11DBAA8E8269}.Debug|Any CPU.ActiveCfg = Debug|Any CPU
		{A145D29A-AB5E-4B0E-8062-11DBAA8E8269}.Debug|Any CPU.Build.0 = Debug|Any CPU
		{A145D29A-AB5E-4B0E-8062-11DBAA8E8269}.Release|Any CPU.ActiveCfg = Release|Any CPU
		{A145D29A-AB5E-4B0E-8062-11DBAA8E8269}.Release|Any CPU.Build.0 = Release|Any CPU
		{77FF1A4C-8C6C-4816-8892-68B56598E23A}.Debug|Any CPU.ActiveCfg = Debug|Any CPU
		{77FF1A4C-8C6C-4816-8892-68B56598E23A}.Debug|Any CPU.Build.0 = Debug|Any CPU
		{77FF1A4C-8C6C-4816-8892-68B56598E23A}.Release|Any CPU.ActiveCfg = Release|Any CPU
		{77FF1A4C-8C6C-4816-8892-68B56598E23A}.Release|Any CPU.Build.0 = Release|Any CPU
	EndGlobalSection
	GlobalSection(NestedProjects) = preSolution
		{77FF1A4C-8C6C-4816-8892-68B56598E23A} = {DA612A93-F1E8-4937-9E0E-0B6A71434E36}
	EndGlobalSection
EndGlobal
